
Microsoft Visual Studio Solution File, Format Version 12.00
# Visual Studio 15
VisualStudioVersion = 15.0.26430.6
MinimumVisualStudioVersion = 10.0.40219.1
Project("{FAE04EC0-301F-11D3-BF4B-00C04F79EFBC}") = "IoTCoreBackgroundApplication", "IoTCoreBackgroundApplication\IoTCoreBackgroundApplication.csproj", "{3E0D8AED-2628-4F17-ACDB-B09EBA609768}"
EndProject
Global
	GlobalSection(SolutionConfigurationPlatforms) = preSolution
		Debug|ARM = Debug|ARM
		Debug|x64 = Debug|x64
		Debug|x86 = Debug|x86
		Release|ARM = Release|ARM
		Release|x64 = Release|x64
		Release|x86 = Release|x86
	EndGlobalSection
	GlobalSection(ProjectConfigurationPlatforms) = postSolution
		{3E0D8AED-2628-4F17-ACDB-B09EBA609768}.Debug|ARM.ActiveCfg = Debug|ARM
		{3E0D8AED-2628-4F17-ACDB-B09EBA609768}.Debug|ARM.Build.0 = Debug|ARM
		{3E0D8AED-2628-4F17-ACDB-B09EBA609768}.Debug|ARM.Deploy.0 = Debug|ARM
		{3E0D8AED-2628-4F17-ACDB-B09EBA609768}.Debug|x64.ActiveCfg = Debug|x64
		{3E0D8AED-2628-4F17-ACDB-B09EBA609768}.Debug|x64.Build.0 = Debug|x64
		{3E0D8AED-2628-4F17-ACDB-B09EBA609768}.Debug|x64.Deploy.0 = Debug|x64
		{3E0D8AED-2628-4F17-ACDB-B09EBA609768}.Debug|x86.ActiveCfg = Debug|x86
		{3E0D8AED-2628-4F17-ACDB-B09EBA609768}.Debug|x86.Build.0 = Debug|x86
		{3E0D8AED-2628-4F17-ACDB-B09EBA609768}.Debug|x86.Deploy.0 = Debug|x86
		{3E0D8AED-2628-4F17-ACDB-B09EBA609768}.Release|ARM.ActiveCfg = Release|ARM
		{3E0D8AED-2628-4F17-ACDB-B09EBA609768}.Release|ARM.Build.0 = Release|ARM
		{3E0D8AED-2628-4F17-ACDB-B09EBA609768}.Release|ARM.Deploy.0 = Release|ARM
		{3E0D8AED-2628-4F17-ACDB-B09EBA609768}.Release|x64.ActiveCfg = Release|x64
		{3E0D8AED-2628-4F17-ACDB-B09EBA609768}.Release|x64.Build.0 = Release|x64
		{3E0D8AED-2628-4F17-ACDB-B09EBA609768}.Release|x64.Deploy.0 = Release|x64
		{3E0D8AED-2628-4F17-ACDB-B09EBA609768}.Release|x86.ActiveCfg = Release|x86
		{3E0D8AED-2628-4F17-ACDB-B09EBA609768}.Release|x86.Build.0 = Release|x86
		{3E0D8AED-2628-4F17-ACDB-B09EBA609768}.Release|x86.Deploy.0 = Release|x86
	EndGlobalSection
	GlobalSection(SolutionProperties) = preSolution
		HideSolutionNode = FALSE
	EndGlobalSection
EndGlobal
